
Microsoft Visual Studio Solution File, Format Version 12.00
# Visual Studio 15
VisualStudioVersion = 15.0.27428.2027
MinimumVisualStudioVersion = 10.0.40219.1
Project("{FAE04EC0-301F-11D3-BF4B-00C04F79EFBC}") = "RiskText", "RiskText\RiskText.csproj", "{624614D9-5E73-4FF5-9C24-164F407148FE}"
EndProject
Global
	GlobalSection(SolutionConfigurationPlatforms) = preSolution
		Debug|Any CPU = Debug|Any CPU
		Release|Any CPU = Release|Any CPU
	EndGlobalSection
	GlobalSection(ProjectConfigurationPlatforms) = postSolution
		{624614D9-5E73-4FF5-9C24-164F407148FE}.Debug|Any CPU.ActiveCfg = Debug|Any CPU
		{624614D9-5E73-4FF5-9C24-164F407148FE}.Debug|Any CPU.Build.0 = Debug|Any CPU
		{624614D9-5E73-4FF5-9C24-164F407148FE}.Release|Any CPU.ActiveCfg = Release|Any CPU
		{624614D9-5E73-4FF5-9C24-164F407148FE}.Release|Any CPU.Build.0 = Release|Any CPU
	EndGlobalSection
	GlobalSection(SolutionProperties) = preSolution
		HideSolutionNode = FALSE
	EndGlobalSection
	GlobalSection(ExtensibilityGlobals) = postSolution
		SolutionGuid = {7055DF76-12BB-46E8-8A9B-3E3C2D8B2AC9}
	EndGlobalSection
EndGlobal
